Microsoft Visual Studio Solution File, Format Version 12.00
# Visual Studio Version 17
VisualStudioVersion = 17.1.32328.378
MinimumVisualStudioVersion = 10.0.40219.1
Project("{9A19103F-16F7-4668-BE54-9A1E7A4F7556}") = "MainApp.Domain", "src\MainApp.Domain\MainApp.Domain.csproj", "{554AD327-6DBA-4F8F-96F8-81CE7A0C863F}"
EndProject
Project("{9A19103F-16F7-4668-BE54-9A1E7A4F7556}") = "ProductService.TestBase", "modules\ProductService\test\ProductService.TestBase\ProductService.TestBase.csproj", "{92D2DEAE-334A-4A4C-802D-268B53A6717C}"
EndProject
Project("{9A19103F-16F7-4668-BE54-9A1E7A4F7556}") = "ProductService.HttpApi.Client.ConsoleTestApp", "modules\ProductService\test\ProductService.HttpApi.Client.ConsoleTestApp\ProductService.HttpApi.Client.ConsoleTestApp.csproj", "{19DD2C53-5C61-4546-A543-7F82E96ADE28}"
EndProject
Project("{9A19103F-16F7-4668-BE54-9A1E7A4F7556}") = "ProductService.EntityFrameworkCore.Tests", "modules\ProductService\test\ProductService.EntityFrameworkCore.Tests\ProductService.EntityFrameworkCore.Tests.csproj", "{AFDF2B2F-C20E-48C7-8F3D-2957EB7B2789}"
EndProject
Project("{9A19103F-16F7-4668-BE54-9A1E7A4F7556}") = "ProductService.Domain.Tests", "modules\ProductService\test\ProductService.Domain.Tests\ProductService.Domain.Tests.csproj", "{00BE2459-F082-48E5-8D50-D69245087862}"
EndProject
Project("{9A19103F-16F7-4668-BE54-9A1E7A4F7556}") = "ProductService.Application.Tests", "modules\ProductService\test\ProductService.Application.Tests\ProductService.Application.Tests.csproj", "{E0B69355-9028-477C-A675-0477B690EFE5}"
EndProject
Project("{9A19103F-16F7-4668-BE54-9A1E7A4F7556}") = "ProductService.Web", "modules\ProductService\src\ProductService.Web\ProductService.Web.csproj", "{06568CA0-1E77-40FD-A108-C6CBCF341C8F}"
EndProject
Project("{9A19103F-16F7-4668-BE54-9A1E7A4F7556}") = "ProductService.HttpApi.Client", "modules\ProductService\src\ProductService.HttpApi.Client\ProductService.HttpApi.Client.csproj", "{77FE6FBB-CC8F-4C6B-ACCA-B110DAA6BE8E}"
EndProject
Project("{9A19103F-16F7-4668-BE54-9A1E7A4F7556}") = "ProductService.HttpApi", "modules\ProductService\src\ProductService.HttpApi\ProductService.HttpApi.csproj", "{E048DB25-D252-4189-8F31-2CA7CC0F0222}"
EndProject
Project("{9A19103F-16F7-4668-BE54-9A1E7A4F7556}") = "ProductService.EntityFrameworkCore", "modules\ProductService\src\ProductService.EntityFrameworkCore\ProductService.EntityFrameworkCore.csproj", "{86FCBDB7-B1E4-48E5-A983-7645D7E38D81}"
EndProject
Project("{9A19103F-16F7-4668-BE54-9A1E7A4F7556}") = "ProductService.Domain.Shared", "modules\ProductService\src\ProductService.Domain.Shared\ProductService.Domain.Shared.csproj", "{DEBC0AFC-E56F-41C3-9F49-07DDEAC1C6C9}"
EndProject
Project("{9A19103F-16F7-4668-BE54-9A1E7A4F7556}") = "ProductService.Domain", "modules\ProductService\src\ProductService.Domain\ProductService.Domain.csproj", "{53684049-4300-472A-BBE1-7F3512129930}"
EndProject
Project("{9A19103F-16F7-4668-BE54-9A1E7A4F7556}") = "ProductService.Application.Contracts", "modules\ProductService\src\ProductService.Application.Contracts\ProductService.Application.Contracts.csproj", "{10F54308-E25F-4310-AEDF-C5C3C921B920}"
EndProject
Project("{9A19103F-16F7-4668-BE54-9A1E7A4F7556}") = "ProductService.Application", "modules\ProductService\src\ProductService.Application\ProductService.Application.csproj", "{0D57DCB1-6B25-4D22-9F76-229A3420B61E}"
EndProject
Project("{2150E333-8FDC-42A3-9474-1A3956D46DE8}") = "ProductService.Tests", "ProductService.Tests", "{17E23521-D736-4396-B95F-A8A136996228}"
EndProject
Project("{2150E333-8FDC-42A3-9474-1A3956D46DE8}") = "ProductService", "ProductService", "{5CD490E5-E8AE-4A99-BF13-6B99A1EA7729}"
EndProject
Project("{2150E333-8FDC-42A3-9474-1A3956D46DE8}") = "modules", "modules", "{6262A021-2D47-423F-A3EE-0D22E1A0E892}"
EndProject
Project("{9A19103F-16F7-4668-BE54-9A1E7A4F7556}") = "MainApp.Application", "src\MainApp.Application\MainApp.Application.csproj", "{1A94A50E-06DC-43C1-80B5-B662820EC3EB}"
EndProject
Project("{9A19103F-16F7-4668-BE54-9A1E7A4F7556}") = "MainApp.EntityFrameworkCore", "src\MainApp.EntityFrameworkCore\MainApp.EntityFrameworkCore.csproj", "{C956DD76-69C8-4A9C-83EA-D17DF83340FD}"
EndProject
Project("{2150E333-8FDC-42A3-9474-1A3956D46DE8}") = "src", "src", "{CA9AC87F-097E-4F15-8393-4BC07735A5B0}"
EndProject
Project("{2150E333-8FDC-42A3-9474-1A3956D46DE8}") = "test", "test", "{04DBDB01-70F4-4E06-B468-8F87850B22BE}"
EndProject
Project("{9A19103F-16F7-4668-BE54-9A1E7A4F7556}") = "MainApp.Application.Tests", "test\MainApp.Application.Tests\MainApp.Application.Tests.csproj", "{50B2631D-129C-47B3-A587-029CCD6099BC}"
EndProject
Project("{9A19103F-16F7-4668-BE54-9A1E7A4F7556}") = "MainApp.Domain.Shared", "src\MainApp.Domain.Shared\MainApp.Domain.Shared.csproj", "{42F719ED-8413-4895-B5B4-5AB56079BC66}"
EndProject
Project("{9A19103F-16F7-4668-BE54-9A1E7A4F7556}") = "MainApp.Application.Contracts", "src\MainApp.Application.Contracts\MainApp.Application.Contracts.csproj", "{520659C8-C734-4298-A3DA-B539DB9DFC0B}"
EndProject
Project("{9A19103F-16F7-4668-BE54-9A1E7A4F7556}") = "MainApp.HttpApi", "src\MainApp.HttpApi\MainApp.HttpApi.csproj", "{4164BDF7-F527-4E85-9CE6-E3C2D7426A27}"
EndProject
Project("{9A19103F-16F7-4668-BE54-9A1E7A4F7556}") = "MainApp.HttpApi.Client", "src\MainApp.HttpApi.Client\MainApp.HttpApi.Client.csproj", "{3B5A0094-670D-4BB1-BFDD-61B88A8773DC}"
EndProject
Project("{9A19103F-16F7-4668-BE54-9A1E7A4F7556}") = "MainApp.Web", "src\MainApp.Web\MainApp.Web.csproj", "{6FE54035-9C11-4702-A5E2-D16F23101468}"
EndProject
Project("{9A19103F-16F7-4668-BE54-9A1E7A4F7556}") = "MainApp.IdentityServer", "src\MainApp.IdentityServer\MainApp.IdentityServer.csproj", "{073C361E-B8F4-49F5-93CC-72A3FF49C026}"
EndProject
Project("{9A19103F-16F7-4668-BE54-9A1E7A4F7556}") = "MainApp.HttpApi.Host", "src\MainApp.HttpApi.Host\MainApp.HttpApi.Host.csproj", "{E6D5BF0E-DE92-4D82-A352-EF04B37CB11C}"
EndProject
Project("{9A19103F-16F7-4668-BE54-9A1E7A4F7556}") = "MainApp.EntityFrameworkCore.Tests", "test\MainApp.EntityFrameworkCore.Tests\MainApp.EntityFrameworkCore.Tests.csproj", "{1FE30EB9-74A9-47F5-A9F6-7B1FAB672D81}"
EndProject
Project("{9A19103F-16F7-4668-BE54-9A1E7A4F7556}") = "MainApp.TestBase", "test\MainApp.TestBase\MainApp.TestBase.csproj", "{91853F21-9CD9-4132-BC29-A7D5D84FFFE7}"
EndProject
Project("{9A19103F-16F7-4668-BE54-9A1E7A4F7556}") = "MainApp.Domain.Tests", "test\MainApp.Domain.Tests\MainApp.Domain.Tests.csproj", "{E512F4D9-9375-480F-A2F6-A46509F9D824}"
EndProject
Project("{9A19103F-16F7-4668-BE54-9A1E7A4F7556}") = "MainApp.HttpApi.Client.ConsoleTestApp", "test\MainApp.HttpApi.Client.ConsoleTestApp\MainApp.HttpApi.Client.ConsoleTestApp.csproj", "{EF480016-9127-4916-8735-D2466BDBC582}"
EndProject
Project("{9A19103F-16F7-4668-BE54-9A1E7A4F7556}") = "MainApp.DbMigrator", "src\MainApp.DbMigrator\MainApp.DbMigrator.csproj", "{AA94D832-1CCC-4715-95A9-A483F23A1A5D}"
EndProject
Project("{FAE04EC0-301F-11D3-BF4B-00C04F79EFBC}") = "ProductService.HttpApi.Host", "modules\ProductService\src\ProductService.HttpApi.Host\ProductService.HttpApi.Host.csproj", "{2109E8C4-44BF-4E6A-85DC-4CEE8711951B}"
EndProject
Global
	GlobalSection(SolutionConfigurationPlatforms) = preSolution
		Debug|Any CPU = Debug|Any CPU
		Release|Any CPU = Release|Any CPU
	EndGlobalSection
	GlobalSection(ProjectConfigurationPlatforms) = postSolution
		{554AD327-6DBA-4F8F-96F8-81CE7A0C863F}.Debug|Any CPU.ActiveCfg = Debug|Any CPU
		{554AD327-6DBA-4F8F-96F8-81CE7A0C863F}.Debug|Any CPU.Build.0 = Debug|Any CPU
		{554AD327-6DBA-4F8F-96F8-81CE7A0C863F}.Release|Any CPU.ActiveCfg = Release|Any CPU
		{554AD327-6DBA-4F8F-96F8-81CE7A0C863F}.Release|Any CPU.Build.0 = Release|Any CPU
		{92D2DEAE-334A-4A4C-802D-268B53A6717C}.Debug|Any CPU.ActiveCfg = Debug|Any CPU
		{92D2DEAE-334A-4A4C-802D-268B53A6717C}.Debug|Any CPU.Build.0 = Debug|Any CPU
		{92D2DEAE-334A-4A4C-802D-268B53A6717C}.Release|Any CPU.ActiveCfg = Release|Any CPU
		{92D2DEAE-334A-4A4C-802D-268B53A6717C}.Release|Any CPU.Build.0 = Release|Any CPU
		{19DD2C53-5C61-4546-A543-7F82E96ADE28}.Debug|Any CPU.ActiveCfg = Debug|Any CPU
		{19DD2C53-5C61-4546-A543-7F82E96ADE28}.Debug|Any CPU.Build.0 = Debug|Any CPU
		{19DD2C53-5C61-4546-A543-7F82E96ADE28}.Release|Any CPU.ActiveCfg = Release|Any CPU
		{19DD2C53-5C61-4546-A543-7F82E96ADE28}.Release|Any CPU.Build.0 = Release|Any CPU
		{AFDF2B2F-C20E-48C7-8F3D-2957EB7B2789}.Debug|Any CPU.ActiveCfg = Debug|Any CPU
		{AFDF2B2F-C20E-48C7-8F3D-2957EB7B2789}.Debug|Any CPU.Build.0 = Debug|Any CPU
		{AFDF2B2F-C20E-48C7-8F3D-2957EB7B2789}.Release|Any CPU.ActiveCfg = Release|Any CPU
		{AFDF2B2F-C20E-48C7-8F3D-2957EB7B2789}.Release|Any CPU.Build.0 = Release|Any CPU
		{00BE2459-F082-48E5-8D50-D69245087862}.Debug|Any CPU.ActiveCfg = Debug|Any CPU
		{00BE2459-F082-48E5-8D50-D69245087862}.Debug|Any CPU.Build.0 = Debug|Any CPU
		{00BE2459-F082-48E5-8D50-D69245087862}.Release|Any CPU.ActiveCfg = Release|Any CPU
		{00BE2459-F082-48E5-8D50-D69245087862}.Release|Any CPU.Build.0 = Release|Any CPU
		{E0B69355-9028-477C-A675-0477B690EFE5}.Debug|Any CPU.ActiveCfg = Debug|Any CPU
		{E0B69355-9028-477C-A675-0477B690EFE5}.Debug|Any CPU.Build.0 = Debug|Any CPU
		{E0B69355-9028-477C-A675-0477B690EFE5}.Release|Any CPU.ActiveCfg = Release|Any CPU
		{E0B69355-9028-477C-A675-0477B690EFE5}.Release|Any CPU.Build.0 = Release|Any CPU
		{06568CA0-1E77-40FD-A108-C6CBCF341C8F}.Debug|Any CPU.ActiveCfg = Debug|Any CPU
		{06568CA0-1E77-40FD-A108-C6CBCF341C8F}.Debug|Any CPU.Build.0 = Debug|Any CPU
		{06568CA0-1E77-40FD-A108-C6CBCF341C8F}.Release|Any CPU.ActiveCfg = Release|Any CPU
		{06568CA0-1E77-40FD-A108-C6CBCF341C8F}.Release|Any CPU.Build.0 = Release|Any CPU
		{77FE6FBB-CC8F-4C6B-ACCA-B110DAA6BE8E}.Debug|Any CPU.ActiveCfg = Debug|Any CPU
		{77FE6FBB-CC8F-4C6B-ACCA-B110DAA6BE8E}.Debug|Any CPU.Build.0 = Debug|Any CPU
		{77FE6FBB-CC8F-4C6B-ACCA-B110DAA6BE8E}.Release|Any CPU.ActiveCfg = Release|Any CPU
		{77FE6FBB-CC8F-4C6B-ACCA-B110DAA6BE8E}.Release|Any CPU.Build.0 = Release|Any CPU
		{E048DB25-D252-4189-8F31-2CA7CC0F0222}.Debug|Any CPU.ActiveCfg = Debug|Any CPU
		{E048DB25-D252-4189-8F31-2CA7CC0F0222}.Debug|Any CPU.Build.0 = Debug|Any CPU
		{E048DB25-D252-4189-8F31-2CA7CC0F0222}.Release|Any CPU.ActiveCfg = Release|Any CPU
		{E048DB25-D252-4189-8F31-2CA7CC0F0222}.Release|Any CPU.Build.0 = Release|Any CPU
		{86FCBDB7-B1E4-48E5-A983-7645D7E38D81}.Debug|Any CPU.ActiveCfg = Debug|Any CPU
		{86FCBDB7-B1E4-48E5-A983-7645D7E38D81}.Debug|Any CPU.Build.0 = Debug|Any CPU
		{86FCBDB7-B1E4-48E5-A983-7645D7E38D81}.Release|Any CPU.ActiveCfg = Release|Any CPU
		{86FCBDB7-B1E4-48E5-A983-7645D7E38D81}.Release|Any CPU.Build.0 = Release|Any CPU
		{DEBC0AFC-E56F-41C3-9F49-07DDEAC1C6C9}.Debug|Any CPU.ActiveCfg = Debug|Any CPU
		{DEBC0AFC-E56F-41C3-9F49-07DDEAC1C6C9}.Debug|Any CPU.Build.0 = Debug|Any CPU
		{DEBC0AFC-E56F-41C3-9F49-07DDEAC1C6C9}.Release|Any CPU.ActiveCfg = Release|Any CPU
		{DEBC0AFC-E56F-41C3-9F49-07DDEAC1C6C9}.Release|Any CPU.Build.0 = Release|Any CPU
		{53684049-4300-472A-BBE1-7F3512129930}.Debug|Any CPU.ActiveCfg = Debug|Any CPU
		{53684049-4300-472A-BBE1-7F3512129930}.Debug|Any CPU.Build.0 = Debug|Any CPU
		{53684049-4300-472A-BBE1-7F3512129930}.Release|Any CPU.ActiveCfg = Release|Any CPU
		{53684049-4300-472A-BBE1-7F3512129930}.Release|Any CPU.Build.0 = Release|Any CPU
		{10F54308-E25F-4310-AEDF-C5C3C921B920}.Debug|Any CPU.ActiveCfg = Debug|Any CPU
		{10F54308-E25F-4310-AEDF-C5C3C921B920}.Debug|Any CPU.Build.0 = Debug|Any CPU
		{10F54308-E25F-4310-AEDF-C5C3C921B920}.Release|Any CPU.ActiveCfg = Release|Any CPU
		{10F54308-E25F-4310-AEDF-C5C3C921B920}.Release|Any CPU.Build.0 = Release|Any CPU
		{0D57DCB1-6B25-4D22-9F76-229A3420B61E}.Debug|Any CPU.ActiveCfg = Debug|Any CPU
		{0D57DCB1-6B25-4D22-9F76-229A3420B61E}.Debug|Any CPU.Build.0 = Debug|Any CPU
		{0D57DCB1-6B25-4D22-9F76-229A3420B61E}.Release|Any CPU.ActiveCfg = Release|Any CPU
		{0D57DCB1-6B25-4D22-9F76-229A3420B61E}.Release|Any CPU.Build.0 = Release|Any CPU
		{1A94A50E-06DC-43C1-80B5-B662820EC3EB}.Debug|Any CPU.ActiveCfg = Debug|Any CPU
		{1A94A50E-06DC-43C1-80B5-B662820EC3EB}.Debug|Any CPU.Build.0 = Debug|Any CPU
		{1A94A50E-06DC-43C1-80B5-B662820EC3EB}.Release|Any CPU.ActiveCfg = Release|Any CPU
		{1A94A50E-06DC-43C1-80B5-B662820EC3EB}.Release|Any CPU.Build.0 = Release|Any CPU
		{C956DD76-69C8-4A9C-83EA-D17DF83340FD}.Debug|Any CPU.ActiveCfg = Debug|Any CPU
		{C956DD76-69C8-4A9C-83EA-D17DF83340FD}.Debug|Any CPU.Build.0 = Debug|Any CPU
		{C956DD76-69C8-4A9C-83EA-D17DF83340FD}.Release|Any CPU.ActiveCfg = Release|Any CPU
		{C956DD76-69C8-4A9C-83EA-D17DF83340FD}.Release|Any CPU.Build.0 = Release|Any CPU
		{50B2631D-129C-47B3-A587-029CCD6099BC}.Debug|Any CPU.ActiveCfg = Debug|Any CPU
		{50B2631D-129C-47B3-A587-029CCD6099BC}.Debug|Any CPU.Build.0 = Debug|Any CPU
		{50B2631D-129C-47B3-A587-029CCD6099BC}.Release|Any CPU.ActiveCfg = Release|Any CPU
		{50B2631D-129C-47B3-A587-029CCD6099BC}.Release|Any CPU.Build.0 = Release|Any CPU
		{42F719ED-8413-4895-B5B4-5AB56079BC66}.Debug|Any CPU.ActiveCfg = Debug|Any CPU
		{42F719ED-8413-4895-B5B4-5AB56079BC66}.Debug|Any CPU.Build.0 = Debug|Any CPU
		{42F719ED-8413-4895-B5B4-5AB56079BC66}.Release|Any CPU.ActiveCfg = Release|Any CPU
		{42F719ED-8413-4895-B5B4-5AB56079BC66}.Release|Any CPU.Build.0 = Release|Any CPU
		{520659C8-C734-4298-A3DA-B539DB9DFC0B}.Debug|Any CPU.ActiveCfg = Debug|Any CPU
		{520659C8-C734-4298-A3DA-B539DB9DFC0B}.Debug|Any CPU.Build.0 = Debug|Any CPU
		{520659C8-C734-4298-A3DA-B539DB9DFC0B}.Release|Any CPU.ActiveCfg = Release|Any CPU
		{520659C8-C734-4298-A3DA-B539DB9DFC0B}.Release|Any CPU.Build.0 = Release|Any CPU
		{4164BDF7-F527-4E85-9CE6-E3C2D7426A27}.Debug|Any CPU.ActiveCfg = Debug|Any CPU
		{4164BDF7-F527-4E85-9CE6-E3C2D7426A27}.Debug|Any CPU.Build.0 = Debug|Any CPU
		{4164BDF7-F527-4E85-9CE6-E3C2D7426A27}.Release|Any CPU.ActiveCfg = Release|Any CPU
		{4164BDF7-F527-4E85-9CE6-E3C2D7426A27}.Release|Any CPU.Build.0 = Release|Any CPU
		{3B5A0094-670D-4BB1-BFDD-61B88A8773DC}.Debug|Any CPU.ActiveCfg = Debug|Any CPU
		{3B5A0094-670D-4BB1-BFDD-61B88A8773DC}.Debug|Any CPU.Build.0 = Debug|Any CPU
		{3B5A0094-670D-4BB1-BFDD-61B88A8773DC}.Release|Any CPU.ActiveCfg = Release|Any CPU
		{3B5A0094-670D-4BB1-BFDD-61B88A8773DC}.Release|Any CPU.Build.0 = Release|Any CPU
		{6FE54035-9C11-4702-A5E2-D16F23101468}.Debug|Any CPU.ActiveCfg = Debug|Any CPU
		{6FE54035-9C11-4702-A5E2-D16F23101468}.Debug|Any CPU.Build.0 = Debug|Any CPU
		{6FE54035-9C11-4702-A5E2-D16F23101468}.Release|Any CPU.ActiveCfg = Release|Any CPU
		{6FE54035-9C11-4702-A5E2-D16F23101468}.Release|Any CPU.Build.0 = Release|Any CPU
		{073C361E-B8F4-49F5-93CC-72A3FF49C026}.Debug|Any CPU.ActiveCfg = Debug|Any CPU
		{073C361E-B8F4-49F5-93CC-72A3FF49C026}.Debug|Any CPU.Build.0 = Debug|Any CPU
		{073C361E-B8F4-49F5-93CC-72A3FF49C026}.Release|Any CPU.ActiveCfg = Release|Any CPU
		{073C361E-B8F4-49F5-93CC-72A3FF49C026}.Release|Any CPU.Build.0 = Release|Any CPU
		{E6D5BF0E-DE92-4D82-A352-EF04B37CB11C}.Debug|Any CPU.ActiveCfg = Debug|Any CPU
		{E6D5BF0E-DE92-4D82-A352-EF04B37CB11C}.Debug|Any CPU.Build.0 = Debug|Any CPU
		{E6D5BF0E-DE92-4D82-A352-EF04B37CB11C}.Release|Any CPU.ActiveCfg = Release|Any CPU
		{E6D5BF0E-DE92-4D82-A352-EF04B37CB11C}.Release|Any CPU.Build.0 = Release|Any CPU
		{1FE30EB9-74A9-47F5-A9F6-7B1FAB672D81}.Debug|Any CPU.ActiveCfg = Debug|Any CPU
		{1FE30EB9-74A9-47F5-A9F6-7B1FAB672D81}.Debug|Any CPU.Build.0 = Debug|Any CPU
		{1FE30EB9-74A9-47F5-A9F6-7B1FAB672D81}.Release|Any CPU.ActiveCfg = Release|Any CPU
		{1FE30EB9-74A9-47F5-A9F6-7B1FAB672D81}.Release|Any CPU.Build.0 = Release|Any CPU
		{91853F21-9CD9-4132-BC29-A7D5D84FFFE7}.Debug|Any CPU.ActiveCfg = Debug|Any CPU
		{91853F21-9CD9-4132-BC29-A7D5D84FFFE7}.Debug|Any CPU.Build.0 = Debug|Any CPU
		{91853F21-9CD9-4132-BC29-A7D5D84FFFE7}.Release|Any CPU.ActiveCfg = Release|Any CPU
		{91853F21-9CD9-4132-BC29-A7D5D84FFFE7}.Release|Any CPU.Build.0 = Release|Any CPU
		{E512F4D9-9375-480F-A2F6-A46509F9D824}.Debug|Any CPU.ActiveCfg = Debug|Any CPU
		{E512F4D9-9375-480F-A2F6-A46509F9D824}.Debug|Any CPU.Build.0 = Debug|Any CPU
		{E512F4D9-9375-480F-A2F6-A46509F9D824}.Release|Any CPU.ActiveCfg = Release|Any CPU
		{E512F4D9-9375-480F-A2F6-A46509F9D824}.Release|Any CPU.Build.0 = Release|Any CPU
		{EF480016-9127-4916-8735-D2466BDBC582}.Debug|Any CPU.ActiveCfg = Debug|Any CPU
		{EF480016-9127-4916-8735-D2466BDBC582}.Debug|Any CPU.Build.0 = Debug|Any CPU
		{EF480016-9127-4916-8735-D2466BDBC582}.Release|Any CPU.ActiveCfg = Release|Any CPU
		{EF480016-9127-4916-8735-D2466BDBC582}.Release|Any CPU.Build.0 = Release|Any CPU
		{AA94D832-1CCC-4715-95A9-A483F23A1A5D}.Debug|Any CPU.ActiveCfg = Debug|Any CPU
		{AA94D832-1CCC-4715-95A9-A483F23A1A5D}.Debug|Any CPU.Build.0 = Debug|Any CPU
		{AA94D832-1CCC-4715-95A9-A483F23A1A5D}.Release|Any CPU.ActiveCfg = Release|Any CPU
		{AA94D832-1CCC-4715-95A9-A483F23A1A5D}.Release|Any CPU.Build.0 = Release|Any CPU
		{2109E8C4-44BF-4E6A-85DC-4CEE8711951B}.Debug|Any CPU.ActiveCfg = Debug|Any CPU
		{2109E8C4-44BF-4E6A-85DC-4CEE8711951B}.Debug|Any CPU.Build.0 = Debug|Any CPU
		{2109E8C4-44BF-4E6A-85DC-4CEE8711951B}.Release|Any CPU.ActiveCfg = Release|Any CPU
		{2109E8C4-44BF-4E6A-85DC-4CEE8711951B}.Release|Any CPU.Build.0 = Release|Any CPU
	EndGlobalSection
	GlobalSection(SolutionProperties) = preSolution
		HideSolutionNode = FALSE
	EndGlobalSection
	GlobalSection(NestedProjects) = preSolution
		{554AD327-6DBA-4F8F-96F8-81CE7A0C863F} = {CA9AC87F-097E-4F15-8393-4BC07735A5B0}
		{92D2DEAE-334A-4A4C-802D-268B53A6717C} = {17E23521-D736-4396-B95F-A8A136996228}
		{19DD2C53-5C61-4546-A543-7F82E96ADE28} = {17E23521-D736-4396-B95F-A8A136996228}
		{AFDF2B2F-C20E-48C7-8F3D-2957EB7B2789} = {17E23521-D736-4396-B95F-A8A136996228}
		{00BE2459-F082-48E5-8D50-D69245087862} = {17E23521-D736-4396-B95F-A8A136996228}
		{E0B69355-9028-477C-A675-0477B690EFE5} = {17E23521-D736-4396-B95F-A8A136996228}
		{06568CA0-1E77-40FD-A108-C6CBCF341C8F} = {5CD490E5-E8AE-4A99-BF13-6B99A1EA7729}
		{77FE6FBB-CC8F-4C6B-ACCA-B110DAA6BE8E} = {5CD490E5-E8AE-4A99-BF13-6B99A1EA7729}
		{E048DB25-D252-4189-8F31-2CA7CC0F0222} = {5CD490E5-E8AE-4A99-BF13-6B99A1EA7729}
		{86FCBDB7-B1E4-48E5-A983-7645D7E38D81} = {5CD490E5-E8AE-4A99-BF13-6B99A1EA7729}
		{DEBC0AFC-E56F-41C3-9F49-07DDEAC1C6C9} = {5CD490E5-E8AE-4A99-BF13-6B99A1EA7729}
		{53684049-4300-472A-BBE1-7F3512129930} = {5CD490E5-E8AE-4A99-BF13-6B99A1EA7729}
		{10F54308-E25F-4310-AEDF-C5C3C921B920} = {5CD490E5-E8AE-4A99-BF13-6B99A1EA7729}
		{0D57DCB1-6B25-4D22-9F76-229A3420B61E} = {5CD490E5-E8AE-4A99-BF13-6B99A1EA7729}
		{17E23521-D736-4396-B95F-A8A136996228} = {04DBDB01-70F4-4E06-B468-8F87850B22BE}
		{5CD490E5-E8AE-4A99-BF13-6B99A1EA7729} = {6262A021-2D47-423F-A3EE-0D22E1A0E892}
		{1A94A50E-06DC-43C1-80B5-B662820EC3EB} = {CA9AC87F-097E-4F15-8393-4BC07735A5B0}
		{C956DD76-69C8-4A9C-83EA-D17DF83340FD} = {CA9AC87F-097E-4F15-8393-4BC07735A5B0}
		{50B2631D-129C-47B3-A587-029CCD6099BC} = {04DBDB01-70F4-4E06-B468-8F87850B22BE}
		{42F719ED-8413-4895-B5B4-5AB56079BC66} = {CA9AC87F-097E-4F15-8393-4BC07735A5B0}
		{520659C8-C734-4298-A3DA-B539DB9DFC0B} = {CA9AC87F-097E-4F15-8393-4BC07735A5B0}
		{4164BDF7-F527-4E85-9CE6-E3C2D7426A27} = {CA9AC87F-097E-4F15-8393-4BC07735A5B0}
		{3B5A0094-670D-4BB1-BFDD-61B88A8773DC} = {CA9AC87F-097E-4F15-8393-4BC07735A5B0}
		{6FE54035-9C11-4702-A5E2-D16F23101468} = {CA9AC87F-097E-4F15-8393-4BC07735A5B0}
		{073C361E-B8F4-49F5-93CC-72A3FF49C026} = {CA9AC87F-097E-4F15-8393-4BC07735A5B0}
		{E6D5BF0E-DE92-4D82-A352-EF04B37CB11C} = {CA9AC87F-097E-4F15-8393-4BC07735A5B0}
		{1FE30EB9-74A9-47F5-A9F6-7B1FAB672D81} = {04DBDB01-70F4-4E06-B468-8F87850B22BE}
		{91853F21-9CD9-4132-BC29-A7D5D84FFFE7} = {04DBDB01-70F4-4E06-B468-8F87850B22BE}
		{E512F4D9-9375-480F-A2F6-A46509F9D824} = {04DBDB01-70F4-4E06-B468-8F87850B22BE}
		{EF480016-9127-4916-8735-D2466BDBC582} = {04DBDB01-70F4-4E06-B468-8F87850B22BE}
		{AA94D832-1CCC-4715-95A9-A483F23A1A5D} = {CA9AC87F-097E-4F15-8393-4BC07735A5B0}
		{2109E8C4-44BF-4E6A-85DC-4CEE8711951B} = {5CD490E5-E8AE-4A99-BF13-6B99A1EA7729}
	EndGlobalSection
	GlobalSection(ExtensibilityGlobals) = postSolution
		SolutionGuid = {28315BFD-90E7-4E14-A2EA-F3D23AF4126F}
	EndGlobalSection
EndGlobal
